
Microsoft Visual Studio Solution File, Format Version 12.00
# Visual Studio Version 16
VisualStudioVersion = 16.0.30204.135
MinimumVisualStudioVersion = 10.0.40219.1
Project("{FAE04EC0-301F-11D3-BF4B-00C04F79EFBC}") = "Simple Shell", "Simple Shell\Simple Shell.csproj", "{15E4C7BD-85AE-4E16-B51D-39FEFED7ADFD}"
EndProject
Global
	GlobalSection(SolutionConfigurationPlatforms) = preSolution
		Debug|Any CPU = Debug|Any CPU
		Release|Any CPU = Release|Any CPU
	EndGlobalSection
	GlobalSection(ProjectConfigurationPlatforms) = postSolution
		{15E4C7BD-85AE-4E16-B51D-39FEFED7ADFD}.Debug|Any CPU.ActiveCfg = Debug|Any CPU
		{15E4C7BD-85AE-4E16-B51D-39FEFED7ADFD}.Debug|Any CPU.Build.0 = Debug|Any CPU
		{15E4C7BD-85AE-4E16-B51D-39FEFED7ADFD}.Release|Any CPU.ActiveCfg = Release|Any CPU
		{15E4C7BD-85AE-4E16-B51D-39FEFED7ADFD}.Release|Any CPU.Build.0 = Release|Any CPU
	EndGlobalSection
	GlobalSection(SolutionProperties) = preSolution
		HideSolutionNode = FALSE
	EndGlobalSection
	GlobalSection(ExtensibilityGlobals) = postSolution
		SolutionGuid = {AB4BE7FF-F24D-47FD-8A64-23B87ED711D1}
	EndGlobalSection
EndGlobal
